github.com/CaiJimmy/hugo-theme-stack/v3 v3.20.0 h1:HcDBhvXj1GJtFEN3lqkmLEULWYu5ycp4KV9v8fQ5s2s=
github.com/CaiJimmy/hugo-theme-stack/v3 v3.20.0/go.mod h1:IPmCXiIxlFSLFYS0tOmYP6ySLviyeNVSabyvSuaxD+I=
github.com/CaiJimmy/hugo-theme-stack/v3 v3.34.2 h1:DHqOCcwrbM7H194OIXuW4D4TekNN8fn+rLWLs3ofaFQ=
github.com/CaiJimmy/hugo-theme-stack/v3 v3.34.2/go.mod h1:IPmCXiIxlFSLFYS0tOmYP6ySLviyeNVSabyvSuaxD+I=
